
Microsoft Visual Studio Solution File, Format Version 12.00
# Visual Studio Version 17
VisualStudioVersion = 17.5.002.0
MinimumVisualStudioVersion = 10.0.40219.1
Project("{9A19103F-16F7-4668-BE54-9A1E7A4F7556}") = "TeachersApp", "TeachersApp.csproj", "{4E20B01B-9445-45AE-881B-EFBA37BECB63}"
EndProject
Global
	GlobalSection(SolutionConfigurationPlatforms) = preSolution
		Debug|Any CPU = Debug|Any CPU
		Release|Any CPU = Release|Any CPU
	EndGlobalSection
	GlobalSection(ProjectConfigurationPlatforms) = postSolution
		{4E20B01B-9445-45AE-881B-EFBA37BECB63}.Debug|Any CPU.ActiveCfg = Debug|Any CPU
		{4E20B01B-9445-45AE-881B-EFBA37BECB63}.Debug|Any CPU.Build.0 = Debug|Any CPU
		{4E20B01B-9445-45AE-881B-EFBA37BECB63}.Release|Any CPU.ActiveCfg = Release|Any CPU
		{4E20B01B-9445-45AE-881B-EFBA37BECB63}.Release|Any CPU.Build.0 = Release|Any CPU
	EndGlobalSection
	GlobalSection(SolutionProperties) = preSolution
		HideSolutionNode = FALSE
	EndGlobalSection
	GlobalSection(ExtensibilityGlobals) = postSolution
		SolutionGuid = {D837532D-8E6C-42C1-AAA8-C322ACA30C30}
	EndGlobalSection
EndGlobal
